
Microsoft Visual Studio Solution File, Format Version 12.00
# Visual Studio Version 17
VisualStudioVersion = 17.12.35707.178
MinimumVisualStudioVersion = 10.0.40219.1
Project("{2150E333-8FDC-42A3-9474-1A3956D46DE8}") = "Core", "Core", "{604C7EE1-C387-4289-84FF-DC83BD9D53D9}"
EndProject
Project("{2150E333-8FDC-42A3-9474-1A3956D46DE8}") = "Infrastructure", "Infrastructure", "{469ECD35-87B9-4AB6-9026-50C37923B89D}"
EndProject
Project("{2150E333-8FDC-42A3-9474-1A3956D46DE8}") = "Presentation", "Presentation", "{D8DFBEFE-A254-4F0A-BF22-C2519527B2E1}"
EndProject
Project("{FAE04EC0-301F-11D3-BF4B-00C04F79EFBC}") = "Domain", "Core\Domain\Domain.csproj", "{4F5D110C-DDF1-4454-A84C-E70508AC2903}"
EndProject
Project("{FAE04EC0-301F-11D3-BF4B-00C04F79EFBC}") = "Application", "Core\Application\Application.csproj", "{39DF6677-31F5-4CB3-B799-1763BE001DB8}"
EndProject
Project("{FAE04EC0-301F-11D3-BF4B-00C04F79EFBC}") = "Infrastructure", "Infrastructure\Infrastructure\Infrastructure.csproj", "{B98CCCEC-C1C2-4F8F-AD50-50647D2B5A1B}"
EndProject
Project("{FAE04EC0-301F-11D3-BF4B-00C04F79EFBC}") = "Persistence", "Infrastructure\Persistence\Persistence.csproj", "{23AECF12-17DC-4DBD-A3A3-0AE84F8D83F6}"
EndProject
Project("{FAE04EC0-301F-11D3-BF4B-00C04F79EFBC}") = "WebAPI", "Presentation\WebAPI\WebAPI.csproj", "{E32DA73E-9C21-43E9-9D6D-9C0805008B54}"
EndProject
Project("{2150E333-8FDC-42A3-9474-1A3956D46DE8}") = "Solution Items", "Solution Items", "{DD328E2C-4148-49F4-A484-BC142DB91B1E}"
	ProjectSection(SolutionItems) = preProject
		README.md = README.md
	EndProjectSection
EndProject
Global
	GlobalSection(SolutionConfigurationPlatforms) = preSolution
		Debug|Any CPU = Debug|Any CPU
		Release|Any CPU = Release|Any CPU
	EndGlobalSection
	GlobalSection(ProjectConfigurationPlatforms) = postSolution
		{4F5D110C-DDF1-4454-A84C-E70508AC2903}.Debug|Any CPU.ActiveCfg = Debug|Any CPU
		{4F5D110C-DDF1-4454-A84C-E70508AC2903}.Debug|Any CPU.Build.0 = Debug|Any CPU
		{4F5D110C-DDF1-4454-A84C-E70508AC2903}.Release|Any CPU.ActiveCfg = Release|Any CPU
		{4F5D110C-DDF1-4454-A84C-E70508AC2903}.Release|Any CPU.Build.0 = Release|Any CPU
		{39DF6677-31F5-4CB3-B799-1763BE001DB8}.Debug|Any CPU.ActiveCfg = Debug|Any CPU
		{39DF6677-31F5-4CB3-B799-1763BE001DB8}.Debug|Any CPU.Build.0 = Debug|Any CPU
		{39DF6677-31F5-4CB3-B799-1763BE001DB8}.Release|Any CPU.ActiveCfg = Release|Any CPU
		{39DF6677-31F5-4CB3-B799-1763BE001DB8}.Release|Any CPU.Build.0 = Release|Any CPU
		{B98CCCEC-C1C2-4F8F-AD50-50647D2B5A1B}.Debug|Any CPU.ActiveCfg = Debug|Any CPU
		{B98CCCEC-C1C2-4F8F-AD50-50647D2B5A1B}.Debug|Any CPU.Build.0 = Debug|Any CPU
		{B98CCCEC-C1C2-4F8F-AD50-50647D2B5A1B}.Release|Any CPU.ActiveCfg = Release|Any CPU
		{B98CCCEC-C1C2-4F8F-AD50-50647D2B5A1B}.Release|Any CPU.Build.0 = Release|Any CPU
		{23AECF12-17DC-4DBD-A3A3-0AE84F8D83F6}.Debug|Any CPU.ActiveCfg = Debug|Any CPU
		{23AECF12-17DC-4DBD-A3A3-0AE84F8D83F6}.Debug|Any CPU.Build.0 = Debug|Any CPU
		{23AECF12-17DC-4DBD-A3A3-0AE84F8D83F6}.Release|Any CPU.ActiveCfg = Release|Any CPU
		{23AECF12-17DC-4DBD-A3A3-0AE84F8D83F6}.Release|Any CPU.Build.0 = Release|Any CPU
		{E32DA73E-9C21-43E9-9D6D-9C0805008B54}.Debug|Any CPU.ActiveCfg = Debug|Any CPU
		{E32DA73E-9C21-43E9-9D6D-9C0805008B54}.Debug|Any CPU.Build.0 = Debug|Any CPU
		{E32DA73E-9C21-43E9-9D6D-9C0805008B54}.Release|Any CPU.ActiveCfg = Release|Any CPU
		{E32DA73E-9C21-43E9-9D6D-9C0805008B54}.Release|Any CPU.Build.0 = Release|Any CPU
	EndGlobalSection
	GlobalSection(SolutionProperties) = preSolution
		HideSolutionNode = FALSE
	EndGlobalSection
	GlobalSection(NestedProjects) = preSolution
		{4F5D110C-DDF1-4454-A84C-E70508AC2903} = {604C7EE1-C387-4289-84FF-DC83BD9D53D9}
		{39DF6677-31F5-4CB3-B799-1763BE001DB8} = {604C7EE1-C387-4289-84FF-DC83BD9D53D9}
		{B98CCCEC-C1C2-4F8F-AD50-50647D2B5A1B} = {469ECD35-87B9-4AB6-9026-50C37923B89D}
		{23AECF12-17DC-4DBD-A3A3-0AE84F8D83F6} = {469ECD35-87B9-4AB6-9026-50C37923B89D}
		{E32DA73E-9C21-43E9-9D6D-9C0805008B54} = {D8DFBEFE-A254-4F0A-BF22-C2519527B2E1}
	EndGlobalSection
EndGlobal
